Microsoft Visual Studio Solution File, Format Version 11.00
# Visual Studio 2008

Project("{32541B9F-4A03-0913-606E-F70E31A4AB02}") = "Duckstruction", "Assembly-CSharp-firstpass-vs.csproj", "{55EF307F-200D-C601-B47B-2960D4FC34F7}"
EndProject
Project("{32541B9F-4A03-0913-606E-F70E31A4AB02}") = "Duckstruction", "Assembly-CSharp-vs.csproj", "{AA79D5D0-5F63-EF17-8409-E9C356BB249D}"
EndProject
Global
	GlobalSection(SolutionConfigurationPlatforms) = preSolution
		Debug|Any CPU = Debug|Any CPU
		Release|Any CPU = Release|Any CPU
	EndGlobalSection
	GlobalSection(ProjectConfigurationPlatforms) = postSolution
		{55EF307F-200D-C601-B47B-2960D4FC34F7}.Debug|Any CPU.ActiveCfg = Debug|Any CPU
		{55EF307F-200D-C601-B47B-2960D4FC34F7}.Debug|Any CPU.Build.0 = Debug|Any CPU
		{55EF307F-200D-C601-B47B-2960D4FC34F7}.Release|Any CPU.ActiveCfg = Release|Any CPU
		{55EF307F-200D-C601-B47B-2960D4FC34F7}.Release|Any CPU.Build.0 = Release|Any CPU
		{AA79D5D0-5F63-EF17-8409-E9C356BB249D}.Debug|Any CPU.ActiveCfg = Debug|Any CPU
		{AA79D5D0-5F63-EF17-8409-E9C356BB249D}.Debug|Any CPU.Build.0 = Debug|Any CPU
		{AA79D5D0-5F63-EF17-8409-E9C356BB249D}.Release|Any CPU.ActiveCfg = Release|Any CPU
		{AA79D5D0-5F63-EF17-8409-E9C356BB249D}.Release|Any CPU.Build.0 = Release|Any CPU
	EndGlobalSection
	GlobalSection(SolutionProperties) = preSolution
		HideSolutionNode = FALSE
	EndGlobalSection
									GlobalSection(MonoDevelopProperties) = preSolution
		StartupItem = Assembly-CSharp.csproj
		Policies = $0
		$0.TextStylePolicy = $1
		$1.inheritsSet = null
		$1.scope = text/x-csharp
		$0.CSharpFormattingPolicy = $2
		$2.inheritsSet = Mono
		$2.inheritsScope = text/x-csharp
		$2.scope = text/x-csharp
		$0.TextStylePolicy = $3
		$3.FileWidth = 120
		$3.TabWidth = 4
		$3.EolMarker = Unix
		$3.inheritsSet = Mono
		$3.inheritsScope = text/plain
		$3.scope = text/plain
	EndGlobalSection

EndGlobal
